
Microsoft Visual Studio Solution File, Format Version 12.00
# Visual Studio 15
VisualStudioVersion = 15.0.27703.2042
MinimumVisualStudioVersion = 10.0.40219.1
Project("{FAE04EC0-301F-11D3-BF4B-00C04F79EFBC}") = "LIDL Photoshop", "LIDL Photoshop\LIDL Photoshop.csproj", "{D93C781E-255A-4BC9-B16B-43D115E983A4}"
EndProject
Project("{FAE04EC0-301F-11D3-BF4B-00C04F79EFBC}") = "ImageOperations", "ImageOperations\ImageOperations.csproj", "{C9A2E722-F56F-4425-BE06-5D86E28C8754}"
EndProject
Project("{FAE04EC0-301F-11D3-BF4B-00C04F79EFBC}") = "WPF Photoshop", "WPF Photoshop\WPF Photoshop.csproj", "{ED94981E-1B1D-482C-8D87-307E930B7694}"
EndProject
Global
	GlobalSection(SolutionConfigurationPlatforms) = preSolution
		Debug|Any CPU = Debug|Any CPU
		Release|Any CPU = Release|Any CPU
	EndGlobalSection
	GlobalSection(ProjectConfigurationPlatforms) = postSolution
		{D93C781E-255A-4BC9-B16B-43D115E983A4}.Debug|Any CPU.ActiveCfg = Debug|Any CPU
		{D93C781E-255A-4BC9-B16B-43D115E983A4}.Debug|Any CPU.Build.0 = Debug|Any CPU
		{D93C781E-255A-4BC9-B16B-43D115E983A4}.Release|Any CPU.ActiveCfg = Release|Any CPU
		{D93C781E-255A-4BC9-B16B-43D115E983A4}.Release|Any CPU.Build.0 = Release|Any CPU
		{C9A2E722-F56F-4425-BE06-5D86E28C8754}.Debug|Any CPU.ActiveCfg = Debug|Any CPU
		{C9A2E722-F56F-4425-BE06-5D86E28C8754}.Debug|Any CPU.Build.0 = Debug|Any CPU
		{C9A2E722-F56F-4425-BE06-5D86E28C8754}.Release|Any CPU.ActiveCfg = Release|Any CPU
		{C9A2E722-F56F-4425-BE06-5D86E28C8754}.Release|Any CPU.Build.0 = Release|Any CPU
		{ED94981E-1B1D-482C-8D87-307E930B7694}.Debug|Any CPU.ActiveCfg = Debug|Any CPU
		{ED94981E-1B1D-482C-8D87-307E930B7694}.Debug|Any CPU.Build.0 = Debug|Any CPU
		{ED94981E-1B1D-482C-8D87-307E930B7694}.Release|Any CPU.ActiveCfg = Release|Any CPU
		{ED94981E-1B1D-482C-8D87-307E930B7694}.Release|Any CPU.Build.0 = Release|Any CPU
	EndGlobalSection
	GlobalSection(SolutionProperties) = preSolution
		HideSolutionNode = FALSE
	EndGlobalSection
	GlobalSection(ExtensibilityGlobals) = postSolution
		SolutionGuid = {6F34BC8A-9B31-44C0-918B-2FD5EAEA3A33}
	EndGlobalSection
EndGlobal
